
Microsoft Visual Studio Solution File, Format Version 12.00
# Visual Studio Version 17
VisualStudioVersion = 17.0.31903.59
MinimumVisualStudioVersion = 10.0.40219.1
Project("{FAE04EC0-301F-11D3-BF4B-00C04F79EFBC}") = "OlaAPI", "OlaAPI\OlaAPI.csproj", "{05D97568-0499-4445-AB3F-D1DDEA7200FA}"
EndProject
Project("{FAE04EC0-301F-11D3-BF4B-00C04F79EFBC}") = "OlaCore", "OlaCore\OlaCore.csproj", "{60D08B98-DA49-4B12-91D2-6475E123E3E8}"
EndProject
Project("{FAE04EC0-301F-11D3-BF4B-00C04F79EFBC}") = "OlaInfrastructure", "OlaInfrastructure\OlaInfrastructure.csproj", "{D9152BF3-4391-4862-B804-7A2A0A2DBBC4}"
EndProject
Global
	GlobalSection(SolutionConfigurationPlatforms) = preSolution
		Debug|Any CPU = Debug|Any CPU
		Release|Any CPU = Release|Any CPU
	EndGlobalSection
	GlobalSection(SolutionProperties) = preSolution
		HideSolutionNode = FALSE
	EndGlobalSection
	GlobalSection(ProjectConfigurationPlatforms) = postSolution
		{05D97568-0499-4445-AB3F-D1DDEA7200FA}.Debug|Any CPU.ActiveCfg = Debug|Any CPU
		{05D97568-0499-4445-AB3F-D1DDEA7200FA}.Debug|Any CPU.Build.0 = Debug|Any CPU
		{05D97568-0499-4445-AB3F-D1DDEA7200FA}.Release|Any CPU.ActiveCfg = Release|Any CPU
		{05D97568-0499-4445-AB3F-D1DDEA7200FA}.Release|Any CPU.Build.0 = Release|Any CPU
		{60D08B98-DA49-4B12-91D2-6475E123E3E8}.Debug|Any CPU.ActiveCfg = Debug|Any CPU
		{60D08B98-DA49-4B12-91D2-6475E123E3E8}.Debug|Any CPU.Build.0 = Debug|Any CPU
		{60D08B98-DA49-4B12-91D2-6475E123E3E8}.Release|Any CPU.ActiveCfg = Release|Any CPU
		{60D08B98-DA49-4B12-91D2-6475E123E3E8}.Release|Any CPU.Build.0 = Release|Any CPU
		{D9152BF3-4391-4862-B804-7A2A0A2DBBC4}.Debug|Any CPU.ActiveCfg = Debug|Any CPU
		{D9152BF3-4391-4862-B804-7A2A0A2DBBC4}.Debug|Any CPU.Build.0 = Debug|Any CPU
		{D9152BF3-4391-4862-B804-7A2A0A2DBBC4}.Release|Any CPU.ActiveCfg = Release|Any CPU
		{D9152BF3-4391-4862-B804-7A2A0A2DBBC4}.Release|Any CPU.Build.0 = Release|Any CPU
	EndGlobalSection
EndGlobal
